
Microsoft Visual Studio Solution File, Format Version 12.00
# Visual Studio Version 16
VisualStudioVersion = 25.0.1706.14
MinimumVisualStudioVersion = 10.0.40219.1
Project("{FAE04EC0-301F-11D3-BF4B-00C04F79EFBC}") = "Backend.Api", "src\Backend.Api\Backend.Api.csproj", "{B05E0CF4-2759-46A2-981A-4CB735237E1A}"
EndProject
Project("{FAE04EC0-301F-11D3-BF4B-00C04F79EFBC}") = "backend.Tests", "tests\backend.Tests.csproj", "{7476D517-7834-4741-A47B-B18BB2F202E4}"
EndProject
Project("{2150E333-8FDC-42A3-9474-1A3956D46DE8}") = "src", "src", "{827E0CD3-B72D-47B6-A68D-7590B98EB39B}"
EndProject
Project("{FAE04EC0-301F-11D3-BF4B-00C04F79EFBC}") = "Backend.Core", "src\Backend.Core\Backend.Core.csproj", "{91E0D4F5-0340-414F-8FDA-3150BC1E4303}"
EndProject
Project("{FAE04EC0-301F-11D3-BF4B-00C04F79EFBC}") = "Backend.Infrastructure", "src\Backend.Infrastructure\Backend.Infrastructure.csproj", "{9CD037A6-58A8-4B86-A6EE-955ECF51005D}"
EndProject
Project("{FAE04EC0-301F-11D3-BF4B-00C04F79EFBC}") = "Shared.Contracts", "src\Shared.Contracts\Shared.Contracts.csproj", "{149CDDED-0883-4E11-B8FE-78CD5135AE62}"
EndProject
Global
	GlobalSection(SolutionConfigurationPlatforms) = preSolution
		Debug|Any CPU = Debug|Any CPU
		Debug|x64 = Debug|x64
		Debug|x86 = Debug|x86
		Release|Any CPU = Release|Any CPU
		Release|x64 = Release|x64
		Release|x86 = Release|x86
	EndGlobalSection
	GlobalSection(ProjectConfigurationPlatforms) = postSolution
		{B05E0CF4-2759-46A2-981A-4CB735237E1A}.Debug|Any CPU.ActiveCfg = Debug|Any CPU
		{B05E0CF4-2759-46A2-981A-4CB735237E1A}.Debug|Any CPU.Build.0 = Debug|Any CPU
		{B05E0CF4-2759-46A2-981A-4CB735237E1A}.Debug|x64.ActiveCfg = Debug|Any CPU
		{B05E0CF4-2759-46A2-981A-4CB735237E1A}.Debug|x64.Build.0 = Debug|Any CPU
		{B05E0CF4-2759-46A2-981A-4CB735237E1A}.Debug|x86.ActiveCfg = Debug|Any CPU
		{B05E0CF4-2759-46A2-981A-4CB735237E1A}.Debug|x86.Build.0 = Debug|Any CPU
		{B05E0CF4-2759-46A2-981A-4CB735237E1A}.Release|Any CPU.ActiveCfg = Release|Any CPU
		{B05E0CF4-2759-46A2-981A-4CB735237E1A}.Release|Any CPU.Build.0 = Release|Any CPU
		{B05E0CF4-2759-46A2-981A-4CB735237E1A}.Release|x64.ActiveCfg = Release|Any CPU
		{B05E0CF4-2759-46A2-981A-4CB735237E1A}.Release|x64.Build.0 = Release|Any CPU
		{B05E0CF4-2759-46A2-981A-4CB735237E1A}.Release|x86.ActiveCfg = Release|Any CPU
		{B05E0CF4-2759-46A2-981A-4CB735237E1A}.Release|x86.Build.0 = Release|Any CPU
		{7476D517-7834-4741-A47B-B18BB2F202E4}.Debug|Any CPU.ActiveCfg = Debug|Any CPU
		{7476D517-7834-4741-A47B-B18BB2F202E4}.Debug|Any CPU.Build.0 = Debug|Any CPU
		{7476D517-7834-4741-A47B-B18BB2F202E4}.Debug|x64.ActiveCfg = Debug|Any CPU
		{7476D517-7834-4741-A47B-B18BB2F202E4}.Debug|x64.Build.0 = Debug|Any CPU
		{7476D517-7834-4741-A47B-B18BB2F202E4}.Debug|x86.ActiveCfg = Debug|Any CPU
		{7476D517-7834-4741-A47B-B18BB2F202E4}.Debug|x86.Build.0 = Debug|Any CPU
		{7476D517-7834-4741-A47B-B18BB2F202E4}.Release|Any CPU.ActiveCfg = Release|Any CPU
		{7476D517-7834-4741-A47B-B18BB2F202E4}.Release|Any CPU.Build.0 = Release|Any CPU
		{7476D517-7834-4741-A47B-B18BB2F202E4}.Release|x64.ActiveCfg = Release|Any CPU
		{7476D517-7834-4741-A47B-B18BB2F202E4}.Release|x64.Build.0 = Release|Any CPU
		{7476D517-7834-4741-A47B-B18BB2F202E4}.Release|x86.ActiveCfg = Release|Any CPU
		{7476D517-7834-4741-A47B-B18BB2F202E4}.Release|x86.Build.0 = Release|Any CPU
		{91E0D4F5-0340-414F-8FDA-3150BC1E4303}.Debug|Any CPU.ActiveCfg = Debug|Any CPU
		{91E0D4F5-0340-414F-8FDA-3150BC1E4303}.Debug|Any CPU.Build.0 = Debug|Any CPU
		{91E0D4F5-0340-414F-8FDA-3150BC1E4303}.Debug|x64.ActiveCfg = Debug|Any CPU
		{91E0D4F5-0340-414F-8FDA-3150BC1E4303}.Debug|x64.Build.0 = Debug|Any CPU
		{91E0D4F5-0340-414F-8FDA-3150BC1E4303}.Debug|x86.ActiveCfg = Debug|Any CPU
		{91E0D4F5-0340-414F-8FDA-3150BC1E4303}.Debug|x86.Build.0 = Debug|Any CPU
		{91E0D4F5-0340-414F-8FDA-3150BC1E4303}.Release|Any CPU.ActiveCfg = Release|Any CPU
		{91E0D4F5-0340-414F-8FDA-3150BC1E4303}.Release|Any CPU.Build.0 = Release|Any CPU
		{91E0D4F5-0340-414F-8FDA-3150BC1E4303}.Release|x64.ActiveCfg = Release|Any CPU
		{91E0D4F5-0340-414F-8FDA-3150BC1E4303}.Release|x64.Build.0 = Release|Any CPU
		{91E0D4F5-0340-414F-8FDA-3150BC1E4303}.Release|x86.ActiveCfg = Release|Any CPU
		{91E0D4F5-0340-414F-8FDA-3150BC1E4303}.Release|x86.Build.0 = Release|Any CPU
		{9CD037A6-58A8-4B86-A6EE-955ECF51005D}.Debug|Any CPU.ActiveCfg = Debug|Any CPU
		{9CD037A6-58A8-4B86-A6EE-955ECF51005D}.Debug|Any CPU.Build.0 = Debug|Any CPU
		{9CD037A6-58A8-4B86-A6EE-955ECF51005D}.Debug|x64.ActiveCfg = Debug|Any CPU
		{9CD037A6-58A8-4B86-A6EE-955ECF51005D}.Debug|x64.Build.0 = Debug|Any CPU
		{9CD037A6-58A8-4B86-A6EE-955ECF51005D}.Debug|x86.ActiveCfg = Debug|Any CPU
		{9CD037A6-58A8-4B86-A6EE-955ECF51005D}.Debug|x86.Build.0 = Debug|Any CPU
		{9CD037A6-58A8-4B86-A6EE-955ECF51005D}.Release|Any CPU.ActiveCfg = Release|Any CPU
		{9CD037A6-58A8-4B86-A6EE-955ECF51005D}.Release|Any CPU.Build.0 = Release|Any CPU
		{9CD037A6-58A8-4B86-A6EE-955ECF51005D}.Release|x64.ActiveCfg = Release|Any CPU
		{9CD037A6-58A8-4B86-A6EE-955ECF51005D}.Release|x64.Build.0 = Release|Any CPU
		{9CD037A6-58A8-4B86-A6EE-955ECF51005D}.Release|x86.ActiveCfg = Release|Any CPU
		{9CD037A6-58A8-4B86-A6EE-955ECF51005D}.Release|x86.Build.0 = Release|Any CPU
		{149CDDED-0883-4E11-B8FE-78CD5135AE62}.Debug|Any CPU.ActiveCfg = Debug|Any CPU
		{149CDDED-0883-4E11-B8FE-78CD5135AE62}.Debug|Any CPU.Build.0 = Debug|Any CPU
		{149CDDED-0883-4E11-B8FE-78CD5135AE62}.Debug|x64.ActiveCfg = Debug|Any CPU
		{149CDDED-0883-4E11-B8FE-78CD5135AE62}.Debug|x64.Build.0 = Debug|Any CPU
		{149CDDED-0883-4E11-B8FE-78CD5135AE62}.Debug|x86.ActiveCfg = Debug|Any CPU
		{149CDDED-0883-4E11-B8FE-78CD5135AE62}.Debug|x86.Build.0 = Debug|Any CPU
		{149CDDED-0883-4E11-B8FE-78CD5135AE62}.Release|Any CPU.ActiveCfg = Release|Any CPU
		{149CDDED-0883-4E11-B8FE-78CD5135AE62}.Release|Any CPU.Build.0 = Release|Any CPU
		{149CDDED-0883-4E11-B8FE-78CD5135AE62}.Release|x64.ActiveCfg = Release|Any CPU
		{149CDDED-0883-4E11-B8FE-78CD5135AE62}.Release|x64.Build.0 = Release|Any CPU
		{149CDDED-0883-4E11-B8FE-78CD5135AE62}.Release|x86.ActiveCfg = Release|Any CPU
		{149CDDED-0883-4E11-B8FE-78CD5135AE62}.Release|x86.Build.0 = Release|Any CPU
	EndGlobalSection
	GlobalSection(SolutionProperties) = preSolution
		HideSolutionNode = FALSE
	EndGlobalSection
	GlobalSection(NestedProjects) = preSolution
		{91E0D4F5-0340-414F-8FDA-3150BC1E4303} = {827E0CD3-B72D-47B6-A68D-7590B98EB39B}
		{9CD037A6-58A8-4B86-A6EE-955ECF51005D} = {827E0CD3-B72D-47B6-A68D-7590B98EB39B}
		{149CDDED-0883-4E11-B8FE-78CD5135AE62} = {827E0CD3-B72D-47B6-A68D-7590B98EB39B}
	EndGlobalSection
	GlobalSection(ExtensibilityGlobals) = postSolution
		SolutionGuid = {EA4840C9-E8DF-4788-A3C0-3614FAA8C5F7}
	EndGlobalSection
EndGlobal
